
Microsoft Visual Studio Solution File, Format Version 12.00
# Visual Studio Version 17
VisualStudioVersion = 17.2.32526.322
MinimumVisualStudioVersion = 10.0.40219.1
Project("{8BC9CEB8-8B4A-11D0-8D11-00A0C91BC942}") = "smithCalc", "smithCalc.vcxproj", "{6AC52553-20CF-46A7-98A9-F5A0C365D56A}"
EndProject
Global
	GlobalSection(SolutionConfigurationPlatforms) = preSolution
		Debug|x64 = Debug|x64
		Debug|x86 = Debug|x86
		Release|x64 = Release|x64
		Release|x86 = Release|x86
	EndGlobalSection
	GlobalSection(ProjectConfigurationPlatforms) = postSolution
		{6AC52553-20CF-46A7-98A9-F5A0C365D56A}.Debug|x64.ActiveCfg = Debug|x64
		{6AC52553-20CF-46A7-98A9-F5A0C365D56A}.Debug|x64.Build.0 = Debug|x64
		{6AC52553-20CF-46A7-98A9-F5A0C365D56A}.Debug|x86.ActiveCfg = Debug|Win32
		{6AC52553-20CF-46A7-98A9-F5A0C365D56A}.Debug|x86.Build.0 = Debug|Win32
		{6AC52553-20CF-46A7-98A9-F5A0C365D56A}.Release|x64.ActiveCfg = Release|x64
		{6AC52553-20CF-46A7-98A9-F5A0C365D56A}.Release|x64.Build.0 = Release|x64
		{6AC52553-20CF-46A7-98A9-F5A0C365D56A}.Release|x86.ActiveCfg = Release|Win32
		{6AC52553-20CF-46A7-98A9-F5A0C365D56A}.Release|x86.Build.0 = Release|Win32
	EndGlobalSection
	GlobalSection(SolutionProperties) = preSolution
		HideSolutionNode = FALSE
	EndGlobalSection
	GlobalSection(ExtensibilityGlobals) = postSolution
		SolutionGuid = {B79124E9-D5D9-44FF-97D5-9EF07FD39A20}
	EndGlobalSection
EndGlobal
